
Microsoft Visual Studio Solution File, Format Version 12.00
# Visual Studio Version 16
VisualStudioVersion = 16.0.29123.88
MinimumVisualStudioVersion = 10.0.40219.1
Project("{FAE04EC0-301F-11D3-BF4B-00C04F79EFBC}") = "SharpCompressionDemo", "SharpCompressionDemo\SharpCompressionDemo.csproj", "{DE6EE90E-AE82-4E9B-877C-0DA20AE1646F}"
EndProject
Global
	GlobalSection(SolutionConfigurationPlatforms) = preSolution
		Debug|Any CPU = Debug|Any CPU
		Release|Any CPU = Release|Any CPU
	EndGlobalSection
	GlobalSection(ProjectConfigurationPlatforms) = postSolution
		{DE6EE90E-AE82-4E9B-877C-0DA20AE1646F}.Debug|Any CPU.ActiveCfg = Debug|Any CPU
		{DE6EE90E-AE82-4E9B-877C-0DA20AE1646F}.Debug|Any CPU.Build.0 = Debug|Any CPU
		{DE6EE90E-AE82-4E9B-877C-0DA20AE1646F}.Release|Any CPU.ActiveCfg = Release|Any CPU
		{DE6EE90E-AE82-4E9B-877C-0DA20AE1646F}.Release|Any CPU.Build.0 = Release|Any CPU
	EndGlobalSection
	GlobalSection(SolutionProperties) = preSolution
		HideSolutionNode = FALSE
	EndGlobalSection
	GlobalSection(ExtensibilityGlobals) = postSolution
		SolutionGuid = {6C0177AF-92CC-446F-A7AE-B9A76E221216}
	EndGlobalSection
EndGlobal
